// !$*UTF8*$!
{
	archiveVersion = 1;
	classes = {
	};
	objectVersion = 77;
	objects = {

/* Begin PBXBuildFile section */
		1CBF72F22DAA4E1200AEE415 /* SQLite in Frameworks */ = {isa = PBXBuildFile; productRef = 1CBF72F12DAA4E1200AEE415 /* SQLite */; };
/* End PBXBuildFile section */

/* Begin PBXContainerItemProxy section */
		1CBF72BB2DAA492E00AEE415 /* PBXContainerItemProxy */ = {
			isa = PBXContainerItemProxy;
			containerPortal = 1CBF72A02DAA492C00AEE415 /* Project object */;
			proxyType = 1;
			remoteGlobalIDString = 1CBF72A72DAA492C00AEE415;
			remoteInfo = "simple cryptogram";
		};
		1CBF72C52DAA492E00AEE415 /* PBXContainerItemProxy */ = {
			isa = PBXContainerItemProxy;
			containerPortal = 1CBF72A02DAA492C00AEE415 /* Project object */;
			proxyType = 1;
			remoteGlobalIDString = 1CBF72A72DAA492C00AEE415;
			remoteInfo = "simple cryptogram";
		};
/* End PBXContainerItemProxy section */

/* Begin PBXFileReference section */
		1CBF72A82DAA492C00AEE415 /* simple cryptogram.app */ = {isa = PBXFileReference; explicitFileType = wrapper.application; includeInIndex = 0; path = "simple cryptogram.app"; sourceTree = BUILT_PRODUCTS_DIR; };
		1CBF72BA2DAA492E00AEE415 /* simple cryptogramTests.xctest */ = {isa = PBXFileReference; explicitFileType = wrapper.cfbundle; includeInIndex = 0; path = "simple cryptogramTests.xctest"; sourceTree = BUILT_PRODUCTS_DIR; };
		1CBF72C42DAA492E00AEE415 /* simple cryptogramUITests.xctest */ = {isa = PBXFileReference; explicitFileType = wrapper.cfbundle; includeInIndex = 0; path = "simple cryptogramUITests.xctest"; sourceTree = BUILT_PRODUCTS_DIR; };
/* End PBXFileReference section */

/* Begin PBXFileSystemSynchronizedRootGroup section */
		1CBF72AA2DAA492C00AEE415 /* simple cryptogram */ = {
			isa = PBXFileSystemSynchronizedRootGroup;
			path = "simple cryptogram";
			sourceTree = "<group>";
		};
		1CBF72BD2DAA492E00AEE415 /* simple cryptogramTests */ = {
			isa = PBXFileSystemSynchronizedRootGroup;
			path = "simple cryptogramTests";
			sourceTree = "<group>";
		};
		1CBF72C72DAA492E00AEE415 /* simple cryptogramUITests */ = {
			isa = PBXFileSystemSynchronizedRootGroup;
			path = "simple cryptogramUITests";
			sourceTree = "<group>";
		};
/* End PBXFileSystemSynchronizedRootGroup section */

/* Begin PBXFrameworksBuildPhase section */
		1CBF72A52DAA492C00AEE415 /* Frameworks */ = {
			isa = PBXFrameworksBuildPhase;
			buildActionMask = 2147483647;
			files = (
				1CBF72F22DAA4E1200AEE415 /* SQLite in Frameworks */,
			);
			runOnlyForDeploymentPostprocessing = 0;
		};
		1CBF72B72DAA492E00AEE415 /* Frameworks */ = {
			isa = PBXFrameworksBuildPhase;
			buildActionMask = 2147483647;
			files = (
			);
			runOnlyForDeploymentPostprocessing = 0;
		};
		1CBF72C12DAA492E00AEE415 /* Frameworks */ = {
			isa = PBXFrameworksBuildPhase;
			buildActionMask = 2147483647;
			files = (
			);
			runOnlyForDeploymentPostprocessing = 0;
		};
/* End PBXFrameworksBuildPhase section */

/* Begin PBXGroup section */
		1CBF729F2DAA492C00AEE415 = {
			isa = PBXGroup;
			children = (
				1CBF72AA2DAA492C00AEE415 /* simple cryptogram */,
				1CBF72BD2DAA492E00AEE415 /* simple cryptogramTests */,
				1CBF72C72DAA492E00AEE415 /* simple cryptogramUITests */,
				1CBF72A92DAA492C00AEE415 /* Products */,
			);
			sourceTree = "<group>";
		};
		1CBF72A92DAA492C00AEE415 /* Products */ = {
			isa = PBXGroup;
			children = (
				1CBF72A82DAA492C00AEE415 /* simple cryptogram.app */,
				1CBF72BA2DAA492E00AEE415 /* simple cryptogramTests.xctest */,
				1CBF72C42DAA492E00AEE415 /* simple cryptogramUITests.xctest */,
			);
			name = Products;
			sourceTree = "<group>";
		};
/* End PBXGroup section */

/* Begin PBXNativeTarget section */
		1CBF72A72DAA492C00AEE415 /* simple cryptogram */ = {
			isa = PBXNativeTarget;
			buildConfigurationList = 1CBF72CE2DAA492E00AEE415 /* Build configuration list for PBXNativeTarget "simple cryptogram" */;
			buildPhases = (
				1CBF72A42DAA492C00AEE415 /* Sources */,
				1CBF72A52DAA492C00AEE415 /* Frameworks */,
				1CBF72A62DAA492C00AEE415 /* Resources */,
			);
			buildRules = (
			);
			dependencies = (
			);
			fileSystemSynchronizedGroups = (
				1CBF72AA2DAA492C00AEE415 /* simple cryptogram */,
			);
			name = "simple cryptogram";
			packageProductDependencies = (
				1CBF72F12DAA4E1200AEE415 /* SQLite */,
			);
			productName = "simple cryptogram";
			productReference = 1CBF72A82DAA492C00AEE415 /* simple cryptogram.app */;
			productType = "com.apple.product-type.application";
		};
		1CBF72B92DAA492E00AEE415 /* simple cryptogramTests */ = {
			isa = PBXNativeTarget;
			buildConfigurationList = 1CBF72D12DAA492E00AEE415 /* Build configuration list for PBXNativeTarget "simple cryptogramTests" */;
			buildPhases = (
				1CBF72B62DAA492E00AEE415 /* Sources */,
				1CBF72B72DAA492E00AEE415 /* Frameworks */,
				1CBF72B82DAA492E00AEE415 /* Resources */,
			);
			buildRules = (
			);
			dependencies = (
				1CBF72BC2DAA492E00AEE415 /* PBXTargetDependency */,
			);
			fileSystemSynchronizedGroups = (
				1CBF72BD2DAA492E00AEE415 /* simple cryptogramTests */,
			);
			name = "simple cryptogramTests";
			packageProductDependencies = (
			);
			productName = "simple cryptogramTests";
			productReference = 1CBF72BA2DAA492E00AEE415 /* simple cryptogramTests.xctest */;
			productType = "com.apple.product-type.bundle.unit-test";
		};
		1CBF72C32DAA492E00AEE415 /* simple cryptogramUITests */ = {
			isa = PBXNativeTarget;
			buildConfigurationList = 1CBF72D42DAA492E00AEE415 /* Build configuration list for PBXNativeTarget "simple cryptogramUITests" */;
			buildPhases = (
				1CBF72C02DAA492E00AEE415 /* Sources */,
				1CBF72C12DAA492E00AEE415 /* Frameworks */,
				1CBF72C22DAA492E00AEE415 /* Resources */,
			);
			buildRules = (
			);
			dependencies = (
				1CBF72C62DAA492E00AEE415 /* PBXTargetDependency */,
			);
			fileSystemSynchronizedGroups = (
				1CBF72C72DAA492E00AEE415 /* simple cryptogramUITests */,
			);
			name = "simple cryptogramUITests";
			packageProductDependencies = (
			);
			productName = "simple cryptogramUITests";
			productReference = 1CBF72C42DAA492E00AEE415 /* simple cryptogramUITests.xctest */;
			productType = "com.apple.product-type.bundle.ui-testing";
		};
/* End PBXNativeTarget section */

/* Begin PBXProject section */
		1CBF72A02DAA492C00AEE415 /* Project object */ = {
			isa = PBXProject;
			attributes = {
				BuildIndependentTargetsInParallel = 1;
				LastSwiftUpdateCheck = 1630;
				LastUpgradeCheck = 1630;
				TargetAttributes = {
					1CBF72A72DAA492C00AEE415 = {
						CreatedOnToolsVersion = 16.3;
					};
					1CBF72B92DAA492E00AEE415 = {
						CreatedOnToolsVersion = 16.3;
						TestTargetID = 1CBF72A72DAA492C00AEE415;
					};
					1CBF72C32DAA492E00AEE415 = {
						CreatedOnToolsVersion = 16.3;
						TestTargetID = 1CBF72A72DAA492C00AEE415;
					};
				};
			};
			buildConfigurationList = 1CBF72A32DAA492C00AEE415 /* Build configuration list for PBXProject "simple cryptogram" */;
			developmentRegion = en;
			hasScannedForEncodings = 0;
			knownRegions = (
				en,
				Base,
			);
			mainGroup = 1CBF729F2DAA492C00AEE415;
			minimizedProjectReferenceProxies = 1;
			packageReferences = (
				1CBF72D72DAA49E500AEE415 /* XCRemoteSwiftPackageReference "SQLite.swift" */,
			);
			preferredProjectObjectVersion = 77;
			productRefGroup = 1CBF72A92DAA492C00AEE415 /* Products */;
			projectDirPath = "";
			projectRoot = "";
			targets = (
				1CBF72A72DAA492C00AEE415 /* simple cryptogram */,
				1CBF72B92DAA492E00AEE415 /* simple cryptogramTests */,
				1CBF72C32DAA492E00AEE415 /* simple cryptogramUITests */,
			);
		};
/* End PBXProject section */

/* Begin PBXResourcesBuildPhase section */
		1CBF72A62DAA492C00AEE415 /* Resources */ = {
			isa = PBXResourcesBuildPhase;
			buildActionMask = 2147483647;
			files = (
			);
			runOnlyForDeploymentPostprocessing = 0;
		};
		1CBF72B82DAA492E00AEE415 /* Resources */ = {
			isa = PBXResourcesBuildPhase;
			buildActionMask = 2147483647;
			files = (
			);
			runOnlyForDeploymentPostprocessing = 0;
		};
		1CBF72C22DAA492E00AEE415 /* Resources */ = {
			isa = PBXResourcesBuildPhase;
			buildActionMask = 2147483647;
			files = (
			);
			runOnlyForDeploymentPostprocessing = 0;
		};
/* End PBXResourcesBuildPhase section */

/* Begin PBXSourcesBuildPhase section */
		1CBF72A42DAA492C00AEE415 /* Sources */ = {
			isa = PBXSourcesBuildPhase;
			buildActionMask = 2147483647;
			files = (
			);
			runOnlyForDeploymentPostprocessing = 0;
		};
		1CBF72B62DAA492E00AEE415 /* Sources */ = {
			isa = PBXSourcesBuildPhase;
			buildActionMask = 2147483647;
			files = (
			);
			runOnlyForDeploymentPostprocessing = 0;
		};
		1CBF72C02DAA492E00AEE415 /* Sources */ = {
			isa = PBXSourcesBuildPhase;
			buildActionMask = 2147483647;
			files = (
			);
			runOnlyForDeploymentPostprocessing = 0;
		};
/* End PBXSourcesBuildPhase section */

/* Begin PBXTargetDependency section */
		1CBF72BC2DAA492E00AEE415 /* PBXTargetDependency */ = {
			isa = PBXTargetDependency;
			target = 1CBF72A72DAA492C00AEE415 /* simple cryptogram */;
			targetProxy = 1CBF72BB2DAA492E00AEE415 /* PBXContainerItemProxy */;
		};
		1CBF72C62DAA492E00AEE415 /* PBXTargetDependency */ = {
			isa = PBXTargetDependency;
			target = 1CBF72A72DAA492C00AEE415 /* simple cryptogram */;
			targetProxy = 1CBF72C52DAA492E00AEE415 /* PBXContainerItemProxy */;
		};
/* End PBXTargetDependency section */

/* Begin XCBuildConfiguration section */
		1CBF72CC2DAA492E00AEE415 /* Debug */ = {
			isa = XCBuildConfiguration;
			buildSettings = {
				ALWAYS_SEARCH_USER_PATHS = NO;
				ASSETCATALOG_COMPILER_GENERATE_SWIFT_ASSET_SYMBOL_EXTENSIONS = YES;
				CLANG_ANALYZER_NONNULL = YES;
				CLANG_ANALYZER_NUMBER_OBJECT_CONVERSION = YES_AGGRESSIVE;
				CLANG_CXX_LANGUAGE_STANDARD = "gnu++20";
				CLANG_ENABLE_MODULES = YES;
				CLANG_ENABLE_OBJC_ARC = YES;
				CLANG_ENABLE_OBJC_WEAK = YES;
				CLANG_WARN_BLOCK_CAPTURE_AUTORELEASING = YES;
				CLANG_WARN_BOOL_CONVERSION = YES;
				CLANG_WARN_COMMA = YES;
				CLANG_WARN_CONSTANT_CONVERSION = YES;
				CLANG_WARN_DEPRECATED_OBJC_IMPLEMENTATIONS = YES;
				CLANG_WARN_DIRECT_OBJC_ISA_USAGE = YES_ERROR;
				CLANG_WARN_DOCUMENTATION_COMMENTS = YES;
				CLANG_WARN_EMPTY_BODY = YES;
				CLANG_WARN_ENUM_CONVERSION = YES;
				CLANG_WARN_INFINITE_RECURSION = YES;
				CLANG_WARN_INT_CONVERSION = YES;
				CLANG_WARN_NON_LITERAL_NULL_CONVERSION = YES;
				CLANG_WARN_OBJC_IMPLICIT_RETAIN_SELF = YES;
				CLANG_WARN_OBJC_LITERAL_CONVERSION = YES;
				CLANG_WARN_OBJC_ROOT_CLASS = YES_ERROR;
				CLANG_WARN_QUOTED_INCLUDE_IN_FRAMEWORK_HEADER = YES;
				CLANG_WARN_RANGE_LOOP_ANALYSIS = YES;
				CLANG_WARN_STRICT_PROTOTYPES = YES;
				CLANG_WARN_SUSPICIOUS_MOVE = YES;
				CLANG_WARN_UNGUARDED_AVAILABILITY = YES_AGGRESSIVE;
				CLANG_WARN_UNREACHABLE_CODE = YES;
				CLANG_WARN__DUPLICATE_METHOD_MATCH = YES;
				COPY_PHASE_STRIP = NO;
				DEBUG_INFORMATION_FORMAT = dwarf;
				DEVELOPMENT_TEAM = F4D37ARCG2;
				ENABLE_STRICT_OBJC_MSGSEND = YES;
				ENABLE_TESTABILITY = YES;
				ENABLE_USER_SCRIPT_SANDBOXING = YES;
				GCC_C_LANGUAGE_STANDARD = gnu17;
				GCC_DYNAMIC_NO_PIC = NO;
				GCC_NO_COMMON_BLOCKS = YES;
				GCC_OPTIMIZATION_LEVEL = 0;
				GCC_PREPROCESSOR_DEFINITIONS = (
					"DEBUG=1",
					"$(inherited)",
				);
				GCC_WARN_64_TO_32_BIT_CONVERSION = YES;
				GCC_WARN_ABOUT_RETURN_TYPE = YES_ERROR;
				GCC_WARN_UNDECLARED_SELECTOR = YES;
				GCC_WARN_UNINITIALIZED_AUTOS = YES_AGGRESSIVE;
				GCC_WARN_UNUSED_FUNCTION = YES;
				GCC_WARN_UNUSED_VARIABLE = YES;
				IPHONEOS_DEPLOYMENT_TARGET = 18.4;
				LOCALIZATION_PREFERS_STRING_CATALOGS = YES;
				MTL_ENABLE_DEBUG_INFO = INCLUDE_SOURCE;
				MTL_FAST_MATH = YES;
				ONLY_ACTIVE_ARCH = YES;
				SDKROOT = iphoneos;
				SWIFT_ACTIVE_COMPILATION_CONDITIONS = "DEBUG $(inherited)";
				SWIFT_OPTIMIZATION_LEVEL = "-Onone";
			};
			name = Debug;
		};
		1CBF72CD2DAA492E00AEE415 /* Release */ = {
			isa = XCBuildConfiguration;
			buildSettings = {
				ALWAYS_SEARCH_USER_PATHS = NO;
				ASSETCATALOG_COMPILER_GENERATE_SWIFT_ASSET_SYMBOL_EXTENSIONS = YES;
				CLANG_ANALYZER_NONNULL = YES;
				CLANG_ANALYZER_NUMBER_OBJECT_CONVERSION = YES_AGGRESSIVE;
				CLANG_CXX_LANGUAGE_STANDARD = "gnu++20";
				CLANG_ENABLE_MODULES = YES;
				CLANG_ENABLE_OBJC_ARC = YES;
				CLANG_ENABLE_OBJC_WEAK = YES;
				CLANG_WARN_BLOCK_CAPTURE_AUTORELEASING = YES;
				CLANG_WARN_BOOL_CONVERSION = YES;
				CLANG_WARN_COMMA = YES;
				CLANG_WARN_CONSTANT_CONVERSION = YES;
				CLANG_WARN_DEPRECATED_OBJC_IMPLEMENTATIONS = YES;
				CLANG_WARN_DIRECT_OBJC_ISA_USAGE = YES_ERROR;
				CLANG_WARN_DOCUMENTATION_COMMENTS = YES;
				CLANG_WARN_EMPTY_BODY = YES;
				CLANG_WARN_ENUM_CONVERSION = YES;
				CLANG_WARN_INFINITE_RECURSION = YES;
				CLANG_WARN_INT_CONVERSION = YES;
				CLANG_WARN_NON_LITERAL_NULL_CONVERSION = YES;
				CLANG_WARN_OBJC_IMPLICIT_RETAIN_SELF = YES;
				CLANG_WARN_OBJC_LITERAL_CONVERSION = YES;
				CLANG_WARN_OBJC_ROOT_CLASS = YES_ERROR;
				CLANG_WARN_QUOTED_INCLUDE_IN_FRAMEWORK_HEADER = YES;
				CLANG_WARN_RANGE_LOOP_ANALYSIS = YES;
				CLANG_WARN_STRICT_PROTOTYPES = YES;
				CLANG_WARN_SUSPICIOUS_MOVE = YES;
				CLANG_WARN_UNGUARDED_AVAILABILITY = YES_AGGRESSIVE;
				CLANG_WARN_UNREACHABLE_CODE = YES;
				CLANG_WARN__DUPLICATE_METHOD_MATCH = YES;
				COPY_PHASE_STRIP = NO;
				DEBUG_INFORMATION_FORMAT = "dwarf-with-dsym";
				DEVELOPMENT_TEAM = F4D37ARCG2;
				ENABLE_NS_ASSERTIONS = NO;
				ENABLE_STRICT_OBJC_MSGSEND = YES;
				ENABLE_USER_SCRIPT_SANDBOXING = YES;
				GCC_C_LANGUAGE_STANDARD = gnu17;
				GCC_NO_COMMON_BLOCKS = YES;
				GCC_WARN_64_TO_32_BIT_CONVERSION = YES;
				GCC_WARN_ABOUT_RETURN_TYPE = YES_ERROR;
				GCC_WARN_UNDECLARED_SELECTOR = YES;
				GCC_WARN_UNINITIALIZED_AUTOS = YES_AGGRESSIVE;
				GCC_WARN_UNUSED_FUNCTION = YES;
				GCC_WARN_UNUSED_VARIABLE = YES;
				IPHONEOS_DEPLOYMENT_TARGET = 18.4;
				LOCALIZATION_PREFERS_STRING_CATALOGS = YES;
				MTL_ENABLE_DEBUG_INFO = NO;
				MTL_FAST_MATH = YES;
				SDKROOT = iphoneos;
				SWIFT_COMPILATION_MODE = wholemodule;
				VALIDATE_PRODUCT = YES;
			};
			name = Release;
		};
		1CBF72CF2DAA492E00AEE415 /* Debug */ = {
			isa = XCBuildConfiguration;
			buildSettings = {
				ASSETCATALOG_COMPILER_APPICON_NAME = AppIcon;
				ASSETCATALOG_COMPILER_GLOBAL_ACCENT_COLOR_NAME = AccentColor;
				CODE_SIGN_IDENTITY = "Apple Development";
				CODE_SIGN_STYLE = Automatic;
				CURRENT_PROJECT_VERSION = 1;
				DEVELOPMENT_TEAM = F4D37ARCG2;
				ENABLE_PREVIEWS = YES;
				GENERATE_INFOPLIST_FILE = YES;
				INFOPLIST_FILE = "simple-cryptogram-Info.plist";
				INFOPLIST_KEY_CFBundleDisplayName = "Simple Cryptogram";
				INFOPLIST_KEY_UIApplicationSupportsIndirectInputEvents = YES;
				INFOPLIST_KEY_UIRequiredDeviceCapabilities = armv7;
				INFOPLIST_KEY_UISupportedInterfaceOrientations = UIInterfaceOrientationPortrait;
				INFOPLIST_KEY_UISupportedInterfaceOrientations_iPad = "UIInterfaceOrientationLandscapeLeft UIInterfaceOrientationLandscapeRight UIInterfaceOrientationPortrait UIInterfaceOrientationPortraitUpsideDown";
				LD_RUNPATH_SEARCH_PATHS = (
					"$(inherited)",
					"@executable_path/Frameworks",
				);
				MARKETING_VERSION = 2.1;
				PRODUCT_BUNDLE_IDENTIFIER = "twRL.simple-cryptogram";
				PRODUCT_NAME = "$(TARGET_NAME)";
				PROVISIONING_PROFILE_SPECIFIER = "";
				SUPPORTED_PLATFORMS = "iphoneos iphonesimulator";
				SUPPORTS_MACCATALYST = NO;
				SUPPORTS_MAC_DESIGNED_FOR_IPHONE_IPAD = NO;
				SUPPORTS_XR_DESIGNED_FOR_IPHONE_IPAD = NO;
				SWIFT_EMIT_LOC_STRINGS = YES;
				SWIFT_VERSION = 5.0;
				TARGETED_DEVICE_FAMILY = 1;
			};
			name = Debug;
		};
		1CBF72D02DAA492E00AEE415 /* Release */ = {
			isa = XCBuildConfiguration;
			buildSettings = {
				ASSETCATALOG_COMPILER_APPICON_NAME = AppIcon;
				ASSETCATALOG_COMPILER_GLOBAL_ACCENT_COLOR_NAME = AccentColor;
				CODE_SIGN_IDENTITY = "Apple Development";
				CODE_SIGN_STYLE = Automatic;
				CURRENT_PROJECT_VERSION = 1;
				DEVELOPMENT_TEAM = F4D37ARCG2;
				ENABLE_PREVIEWS = YES;
				GENERATE_INFOPLIST_FILE = YES;
				INFOPLIST_FILE = "simple-cryptogram-Info.plist";
				INFOPLIST_KEY_CFBundleDisplayName = "Simple Cryptogram";
				INFOPLIST_KEY_UIApplicationSupportsIndirectInputEvents = YES;
				INFOPLIST_KEY_UIRequiredDeviceCapabilities = armv7;
				INFOPLIST_KEY_UISupportedInterfaceOrientations = UIInterfaceOrientationPortrait;
				INFOPLIST_KEY_UISupportedInterfaceOrientations_iPad = "UIInterfaceOrientationLandscapeLeft UIInterfaceOrientationLandscapeRight UIInterfaceOrientationPortrait UIInterfaceOrientationPortraitUpsideDown";
				LD_RUNPATH_SEARCH_PATHS = (
					"$(inherited)",
					"@executable_path/Frameworks",
				);
				MARKETING_VERSION = 2.1;
				PRODUCT_BUNDLE_IDENTIFIER = "twRL.simple-cryptogram";
				PRODUCT_NAME = "$(TARGET_NAME)";
				PROVISIONING_PROFILE_SPECIFIER = "";
				SUPPORTED_PLATFORMS = "iphoneos iphonesimulator";
				SUPPORTS_MACCATALYST = NO;
				SUPPORTS_MAC_DESIGNED_FOR_IPHONE_IPAD = NO;
				SUPPORTS_XR_DESIGNED_FOR_IPHONE_IPAD = NO;
				SWIFT_EMIT_LOC_STRINGS = YES;
				SWIFT_VERSION = 5.0;
				TARGETED_DEVICE_FAMILY = 1;
			};
			name = Release;
		};
		1CBF72D22DAA492E00AEE415 /* Debug */ = {
			isa = XCBuildConfiguration;
			buildSettings = {
				BUNDLE_LOADER = "$(TEST_HOST)";
				CODE_SIGN_STYLE = Automatic;
				CURRENT_PROJECT_VERSION = 1;
				DEVELOPMENT_TEAM = F4D37ARCG2;
				GENERATE_INFOPLIST_FILE = YES;
				IPHONEOS_DEPLOYMENT_TARGET = 18.4;
				MARKETING_VERSION = 1.0;
				PRODUCT_BUNDLE_IDENTIFIER = "twRL.simple-cryptogramTests";
				PRODUCT_NAME = "$(TARGET_NAME)";
				SWIFT_EMIT_LOC_STRINGS = NO;
				SWIFT_VERSION = 5.0;
				TARGETED_DEVICE_FAMILY = "1,2";
				TEST_HOST = "$(BUILT_PRODUCTS_DIR)/simple cryptogram.app/$(BUNDLE_EXECUTABLE_FOLDER_PATH)/simple cryptogram";
			};
			name = Debug;
		};
		1CBF72D32DAA492E00AEE415 /* Release */ = {
			isa = XCBuildConfiguration;
			buildSettings = {
				BUNDLE_LOADER = "$(TEST_HOST)";
				CODE_SIGN_STYLE = Automatic;
				CURRENT_PROJECT_VERSION = 1;
				DEVELOPMENT_TEAM = F4D37ARCG2;
				GENERATE_INFOPLIST_FILE = YES;
				IPHONEOS_DEPLOYMENT_TARGET = 18.4;
				MARKETING_VERSION = 1.0;
				PRODUCT_BUNDLE_IDENTIFIER = "twRL.simple-cryptogramTests";
				PRODUCT_NAME = "$(TARGET_NAME)";
				SWIFT_EMIT_LOC_STRINGS = NO;
				SWIFT_VERSION = 5.0;
				TARGETED_DEVICE_FAMILY = "1,2";
				TEST_HOST = "$(BUILT_PRODUCTS_DIR)/simple cryptogram.app/$(BUNDLE_EXECUTABLE_FOLDER_PATH)/simple cryptogram";
			};
			name = Release;
		};
		1CBF72D52DAA492E00AEE415 /* Debug */ = {
			isa = XCBuildConfiguration;
			buildSettings = {
				CODE_SIGN_STYLE = Automatic;
				CURRENT_PROJECT_VERSION = 1;
				DEVELOPMENT_TEAM = F4D37ARCG2;
				GENERATE_INFOPLIST_FILE = YES;
				MARKETING_VERSION = 1.0;
				PRODUCT_BUNDLE_IDENTIFIER = "twRL.simple-cryptogramUITests";
				PRODUCT_NAME = "$(TARGET_NAME)";
				SWIFT_EMIT_LOC_STRINGS = NO;
				SWIFT_VERSION = 5.0;
				TARGETED_DEVICE_FAMILY = "1,2";
				TEST_TARGET_NAME = "simple cryptogram";
			};
			name = Debug;
		};
		1CBF72D62DAA492E00AEE415 /* Release */ = {
			isa = XCBuildConfiguration;
			buildSettings = {
				CODE_SIGN_STYLE = Automatic;
				CURRENT_PROJECT_VERSION = 1;
				DEVELOPMENT_TEAM = F4D37ARCG2;
				GENERATE_INFOPLIST_FILE = YES;
				MARKETING_VERSION = 1.0;
				PRODUCT_BUNDLE_IDENTIFIER = "twRL.simple-cryptogramUITests";
				PRODUCT_NAME = "$(TARGET_NAME)";
				SWIFT_EMIT_LOC_STRINGS = NO;
				SWIFT_VERSION = 5.0;
				TARGETED_DEVICE_FAMILY = "1,2";
				TEST_TARGET_NAME = "simple cryptogram";
			};
			name = Release;
		};
/* End XCBuildConfiguration section */

/* Begin XCConfigurationList section */
		1CBF72A32DAA492C00AEE415 /* Build configuration list for PBXProject "simple cryptogram" */ = {
			isa = XCConfigurationList;
			buildConfigurations = (
				1CBF72CC2DAA492E00AEE415 /* Debug */,
				1CBF72CD2DAA492E00AEE415 /* Release */,
			);
			defaultConfigurationIsVisible = 0;
			defaultConfigurationName = Release;
		};
		1CBF72CE2DAA492E00AEE415 /* Build configuration list for PBXNativeTarget "simple cryptogram" */ = {
			isa = XCConfigurationList;
			buildConfigurations = (
				1CBF72CF2DAA492E00AEE415 /* Debug */,
				1CBF72D02DAA492E00AEE415 /* Release */,
			);
			defaultConfigurationIsVisible = 0;
			defaultConfigurationName = Release;
		};
		1CBF72D12DAA492E00AEE415 /* Build configuration list for PBXNativeTarget "simple cryptogramTests" */ = {
			isa = XCConfigurationList;
			buildConfigurations = (
				1CBF72D22DAA492E00AEE415 /* Debug */,
				1CBF72D32DAA492E00AEE415 /* Release */,
			);
			defaultConfigurationIsVisible = 0;
			defaultConfigurationName = Release;
		};
		1CBF72D42DAA492E00AEE415 /* Build configuration list for PBXNativeTarget "simple cryptogramUITests" */ = {
			isa = XCConfigurationList;
			buildConfigurations = (
				1CBF72D52DAA492E00AEE415 /* Debug */,
				1CBF72D62DAA492E00AEE415 /* Release */,
			);
			defaultConfigurationIsVisible = 0;
			defaultConfigurationName = Release;
		};
/* End XCConfigurationList section */

/* Begin XCRemoteSwiftPackageReference section */
		1CBF72D72DAA49E500AEE415 /* XCRemoteSwiftPackageReference "SQLite.swift" */ = {
			isa = XCRemoteSwiftPackageReference;
			repositoryURL = "https://github.com/stephencelis/SQLite.swift.git";
			requirement = {
				kind = upToNextMajorVersion;
				minimumVersion = 0.15.3;
			};
		};
/* End XCRemoteSwiftPackageReference section */

/* Begin XCSwiftPackageProductDependency section */
		1CBF72F12DAA4E1200AEE415 /* SQLite */ = {
			isa = XCSwiftPackageProductDependency;
			package = 1CBF72D72DAA49E500AEE415 /* XCRemoteSwiftPackageReference "SQLite.swift" */;
			productName = SQLite;
		};
/* End XCSwiftPackageProductDependency section */
	};
	rootObject = 1CBF72A02DAA492C00AEE415 /* Project object */;
}
